
Microsoft Visual Studio Solution File, Format Version 12.00
# Visual Studio 14
VisualStudioVersion = 14.0.25420.1
MinimumVisualStudioVersion = 10.0.40219.1
Project("{FAE04EC0-301F-11D3-BF4B-00C04F79EFBC}") = "Monty Python Store", "Monty Python Store\Monty Python Store.csproj", "{5010CB82-3BCB-4A30-B464-B182A2971D64}"
EndProject
Global
	GlobalSection(SolutionConfigurationPlatforms) = preSolution
		Debug|Any CPU = Debug|Any CPU
		Release|Any CPU = Release|Any CPU
	EndGlobalSection
	GlobalSection(ProjectConfigurationPlatforms) = postSolution
		{5010CB82-3BCB-4A30-B464-B182A2971D64}.Debug|Any CPU.ActiveCfg = Debug|Any CPU
		{5010CB82-3BCB-4A30-B464-B182A2971D64}.Debug|Any CPU.Build.0 = Debug|Any CPU
		{5010CB82-3BCB-4A30-B464-B182A2971D64}.Release|Any CPU.ActiveCfg = Release|Any CPU
		{5010CB82-3BCB-4A30-B464-B182A2971D64}.Release|Any CPU.Build.0 = Release|Any CPU
	EndGlobalSection
	GlobalSection(SolutionProperties) = preSolution
		HideSolutionNode = FALSE
	EndGlobalSection
EndGlobal
